// !$*UTF8*$!
{
	archiveVersion = 1;
	classes = {
	};
	objectVersion = 46;
	objects = {

/* Begin PBXBuildFile section */
		388291311F06B98500854720 /* AppDelegate.swift in Sources */ = {isa = PBXBuildFile; fileRef = 388291301F06B98500854720 /* AppDelegate.swift */; };
		388291331F06B98500854720 /* ViewController.swift in Sources */ = {isa = PBXBuildFile; fileRef = 388291321F06B98500854720 /* ViewController.swift */; };
		388291361F06B98500854720 /* Main.storyboard in Resources */ = {isa = PBXBuildFile; fileRef = 388291341F06B98500854720 /* Main.storyboard */; };
		388291391F06B98500854720 /* Person_UI.xcdatamodeld in Sources */ = {isa = PBXBuildFile; fileRef = 388291371F06B98500854720 /* Person_UI.xcdatamodeld */; };
		3882913B1F06B98500854720 /* Assets.xcassets in Resources */ = {isa = PBXBuildFile; fileRef = 3882913A1F06B98500854720 /* Assets.xcassets */; };
		3882913E1F06B98500854720 /* LaunchScreen.storyboard in Resources */ = {isa = PBXBuildFile; fileRef = 3882913C1F06B98500854720 /* LaunchScreen.storyboard */; };
		388291491F06B98500854720 /* Person_UITests.swift in Sources */ = {isa = PBXBuildFile; fileRef = 388291481F06B98500854720 /* Person_UITests.swift */; };
		388291541F06B98500854720 /* Person_UIUITests.swift in Sources */ = {isa = PBXBuildFile; fileRef = 388291531F06B98500854720 /* Person_UIUITests.swift */; };
/* End PBXBuildFile section */

/* Begin PBXContainerItemProxy section */
		388291451F06B98500854720 /* PBXContainerItemProxy */ = {
			isa = PBXContainerItemProxy;
			containerPortal = 388291251F06B98500854720 /* Project object */;
			proxyType = 1;
			remoteGlobalIDString = 3882912C1F06B98500854720;
			remoteInfo = "Person UI";
		};
		388291501F06B98500854720 /* PBXContainerItemProxy */ = {
			isa = PBXContainerItemProxy;
			containerPortal = 388291251F06B98500854720 /* Project object */;
			proxyType = 1;
			remoteGlobalIDString = 3882912C1F06B98500854720;
			remoteInfo = "Person UI";
		};
/* End PBXContainerItemProxy section */

/* Begin PBXFileReference section */
		3882912D1F06B98500854720 /* Person UI.app */ = {isa = PBXFileReference; explicitFileType = wrapper.application; includeInIndex = 0; path = "Person UI.app"; sourceTree = BUILT_PRODUCTS_DIR; };
		388291301F06B98500854720 /* AppDelegate.swift */ = {isa = PBXFileReference; lastKnownFileType = sourcecode.swift; path = AppDelegate.swift; sourceTree = "<group>"; };
		388291321F06B98500854720 /* ViewController.swift */ = {isa = PBXFileReference; lastKnownFileType = sourcecode.swift; path = ViewController.swift; sourceTree = "<group>"; };
		388291351F06B98500854720 /* Base */ = {isa = PBXFileReference; lastKnownFileType = file.storyboard; name = Base; path = Base.lproj/Main.storyboard; sourceTree = "<group>"; };
		388291381F06B98500854720 /* Person_UI.xcdatamodel */ = {isa = PBXFileReference; lastKnownFileType = wrapper.xcdatamodel; path = Person_UI.xcdatamodel; sourceTree = "<group>"; };
		3882913A1F06B98500854720 /* Assets.xcassets */ = {isa = PBXFileReference; lastKnownFileType = folder.assetcatalog; path = Assets.xcassets; sourceTree = "<group>"; };
		3882913D1F06B98500854720 /* Base */ = {isa = PBXFileReference; lastKnownFileType = file.storyboard; name = Base; path = Base.lproj/LaunchScreen.storyboard; sourceTree = "<group>"; };
		3882913F1F06B98500854720 /* Info.plist */ = {isa = PBXFileReference; lastKnownFileType = text.plist.xml; path = Info.plist; sourceTree = "<group>"; };
		388291441F06B98500854720 /* Person UITests.xctest */ = {isa = PBXFileReference; explicitFileType = wrapper.cfbundle; includeInIndex = 0; path = "Person UITests.xctest"; sourceTree = BUILT_PRODUCTS_DIR; };
		388291481F06B98500854720 /* Person_UITests.swift */ = {isa = PBXFileReference; lastKnownFileType = sourcecode.swift; path = Person_UITests.swift; sourceTree = "<group>"; };
		3882914A1F06B98500854720 /* Info.plist */ = {isa = PBXFileReference; lastKnownFileType = text.plist.xml; path = Info.plist; sourceTree = "<group>"; };
		3882914F1F06B98500854720 /* Person UIUITests.xctest */ = {isa = PBXFileReference; explicitFileType = wrapper.cfbundle; includeInIndex = 0; path = "Person UIUITests.xctest"; sourceTree = BUILT_PRODUCTS_DIR; };
		388291531F06B98500854720 /* Person_UIUITests.swift */ = {isa = PBXFileReference; lastKnownFileType = sourcecode.swift; path = Person_UIUITests.swift; sourceTree = "<group>"; };
		388291551F06B98500854720 /* Info.plist */ = {isa = PBXFileReference; lastKnownFileType = text.plist.xml; path = Info.plist; sourceTree = "<group>"; };
/* End PBXFileReference section */

/* Begin PBXFrameworksBuildPhase section */
		3882912A1F06B98500854720 /* Frameworks */ = {
			isa = PBXFrameworksBuildPhase;
			buildActionMask = 2147483647;
			files = (
			);
			runOnlyForDeploymentPostprocessing = 0;
		};
		388291411F06B98500854720 /* Frameworks */ = {
			isa = PBXFrameworksBuildPhase;
			buildActionMask = 2147483647;
			files = (
			);
			runOnlyForDeploymentPostprocessing = 0;
		};
		3882914C1F06B98500854720 /* Frameworks */ = {
			isa = PBXFrameworksBuildPhase;
			buildActionMask = 2147483647;
			files = (
			);
			runOnlyForDeploymentPostprocessing = 0;
		};
/* End PBXFrameworksBuildPhase section */

/* Begin PBXGroup section */
		388291241F06B98500854720 = {
			isa = PBXGroup;
			children = (
				3882912F1F06B98500854720 /* Person UI */,
				388291471F06B98500854720 /* Person UITests */,
				388291521F06B98500854720 /* Person UIUITests */,
				3882912E1F06B98500854720 /* Products */,
			);
			sourceTree = "<group>";
		};
		3882912E1F06B98500854720 /* Products */ = {
			isa = PBXGroup;
			children = (
				3882912D1F06B98500854720 /* Person UI.app */,
				388291441F06B98500854720 /* Person UITests.xctest */,
				3882914F1F06B98500854720 /* Person UIUITests.xctest */,
			);
			name = Products;
			sourceTree = "<group>";
		};
		3882912F1F06B98500854720 /* Person UI */ = {
			isa = PBXGroup;
			children = (
				388291301F06B98500854720 /* AppDelegate.swift */,
				388291321F06B98500854720 /* ViewController.swift */,
				388291341F06B98500854720 /* Main.storyboard */,
				3882913A1F06B98500854720 /* Assets.xcassets */,
				3882913C1F06B98500854720 /* LaunchScreen.storyboard */,
				3882913F1F06B98500854720 /* Info.plist */,
				388291371F06B98500854720 /* Person_UI.xcdatamodeld */,
			);
			path = "Person UI";
			sourceTree = "<group>";
		};
		388291471F06B98500854720 /* Person UITests */ = {
			isa = PBXGroup;
			children = (
				388291481F06B98500854720 /* Person_UITests.swift */,
				3882914A1F06B98500854720 /* Info.plist */,
			);
			path = "Person UITests";
			sourceTree = "<group>";
		};
		388291521F06B98500854720 /* Person UIUITests */ = {
			isa = PBXGroup;
			children = (
				388291531F06B98500854720 /* Person_UIUITests.swift */,
				388291551F06B98500854720 /* Info.plist */,
			);
			path = "Person UIUITests";
			sourceTree = "<group>";
		};
/* End PBXGroup section */

/* Begin PBXNativeTarget section */
		3882912C1F06B98500854720 /* Person UI */ = {
			isa = PBXNativeTarget;
			buildConfigurationList = 388291581F06B98500854720 /* Build configuration list for PBXNativeTarget "Person UI" */;
			buildPhases = (
				388291291F06B98500854720 /* Sources */,
				3882912A1F06B98500854720 /* Frameworks */,
				3882912B1F06B98500854720 /* Resources */,
			);
			buildRules = (
			);
			dependencies = (
			);
			name = "Person UI";
			productName = "Person UI";
			productReference = 3882912D1F06B98500854720 /* Person UI.app */;
			productType = "com.apple.product-type.application";
		};
		388291431F06B98500854720 /* Person UITests */ = {
			isa = PBXNativeTarget;
			buildConfigurationList = 3882915B1F06B98500854720 /* Build configuration list for PBXNativeTarget "Person UITests" */;
			buildPhases = (
				388291401F06B98500854720 /* Sources */,
				388291411F06B98500854720 /* Frameworks */,
				388291421F06B98500854720 /* Resources */,
			);
			buildRules = (
			);
			dependencies = (
				388291461F06B98500854720 /* PBXTargetDependency */,
			);
			name = "Person UITests";
			productName = "Person UITests";
			productReference = 388291441F06B98500854720 /* Person UITests.xctest */;
			productType = "com.apple.product-type.bundle.unit-test";
		};
		3882914E1F06B98500854720 /* Person UIUITests */ = {
			isa = PBXNativeTarget;
			buildConfigurationList = 3882915E1F06B98500854720 /* Build configuration list for PBXNativeTarget "Person UIUITests" */;
			buildPhases = (
				3882914B1F06B98500854720 /* Sources */,
				3882914C1F06B98500854720 /* Frameworks */,
				3882914D1F06B98500854720 /* Resources */,
			);
			buildRules = (
			);
			dependencies = (
				388291511F06B98500854720 /* PBXTargetDependency */,
			);
			name = "Person UIUITests";
			productName = "Person UIUITests";
			productReference = 3882914F1F06B98500854720 /* Person UIUITests.xctest */;
			productType = "com.apple.product-type.bundle.ui-testing";
		};
/* End PBXNativeTarget section */

/* Begin PBXProject section */
		388291251F06B98500854720 /* Project object */ = {
			isa = PBXProject;
			attributes = {
				LastSwiftUpdateCheck = 0820;
				LastUpgradeCheck = 0820;
				ORGANIZATIONNAME = "Whitaker, Cody (MU-Student)";
				TargetAttributes = {
					3882912C1F06B98500854720 = {
						CreatedOnToolsVersion = 8.2.1;
						ProvisioningStyle = Automatic;
					};
					388291431F06B98500854720 = {
						CreatedOnToolsVersion = 8.2.1;
						ProvisioningStyle = Automatic;
						TestTargetID = 3882912C1F06B98500854720;
					};
					3882914E1F06B98500854720 = {
						CreatedOnToolsVersion = 8.2.1;
						ProvisioningStyle = Automatic;
						TestTargetID = 3882912C1F06B98500854720;
					};
				};
			};
			buildConfigurationList = 388291281F06B98500854720 /* Build configuration list for PBXProject "Person UI" */;
			compatibilityVersion = "Xcode 3.2";
			developmentRegion = English;
			hasScannedForEncodings = 0;
			knownRegions = (
				en,
				Base,
			);
			mainGroup = 388291241F06B98500854720;
			productRefGroup = 3882912E1F06B98500854720 /* Products */;
			projectDirPath = "";
			projectRoot = "";
			targets = (
				3882912C1F06B98500854720 /* Person UI */,
				388291431F06B98500854720 /* Person UITests */,
				3882914E1F06B98500854720 /* Person UIUITests */,
			);
		};
/* End PBXProject section */

/* Begin PBXResourcesBuildPhase section */
		3882912B1F06B98500854720 /* Resources */ = {
			isa = PBXResourcesBuildPhase;
			buildActionMask = 2147483647;
			files = (
				3882913E1F06B98500854720 /* LaunchScreen.storyboard in Resources */,
				3882913B1F06B98500854720 /* Assets.xcassets in Resources */,
				388291361F06B98500854720 /* Main.storyboard in Resources */,
			);
			runOnlyForDeploymentPostprocessing = 0;
		};
		388291421F06B98500854720 /* Resources */ = {
			isa = PBXResourcesBuildPhase;
			buildActionMask = 2147483647;
			files = (
			);
			runOnlyForDeploymentPostprocessing = 0;
		};
		3882914D1F06B98500854720 /* Resources */ = {
			isa = PBXResourcesBuildPhase;
			buildActionMask = 2147483647;
			files = (
			);
			runOnlyForDeploymentPostprocessing = 0;
		};
/* End PBXResourcesBuildPhase section */

/* Begin PBXSourcesBuildPhase section */
		388291291F06B98500854720 /* Sources */ = {
			isa = PBXSourcesBuildPhase;
			buildActionMask = 2147483647;
			files = (
				388291391F06B98500854720 /* Person_UI.xcdatamodeld in Sources */,
				388291331F06B98500854720 /* ViewController.swift in Sources */,
				388291311F06B98500854720 /* AppDelegate.swift in Sources */,
			);
			runOnlyForDeploymentPostprocessing = 0;
		};
		388291401F06B98500854720 /* Sources */ = {
			isa = PBXSourcesBuildPhase;
			buildActionMask = 2147483647;
			files = (
				388291491F06B98500854720 /* Person_UITests.swift in Sources */,
			);
			runOnlyForDeploymentPostprocessing = 0;
		};
		3882914B1F06B98500854720 /* Sources */ = {
			isa = PBXSourcesBuildPhase;
			buildActionMask = 2147483647;
			files = (
				388291541F06B98500854720 /* Person_UIUITests.swift in Sources */,
			);
			runOnlyForDeploymentPostprocessing = 0;
		};
/* End PBXSourcesBuildPhase section */

/* Begin PBXTargetDependency section */
		388291461F06B98500854720 /* PBXTargetDependency */ = {
			isa = PBXTargetDependency;
			target = 3882912C1F06B98500854720 /* Person UI */;
			targetProxy = 388291451F06B98500854720 /* PBXContainerItemProxy */;
		};
		388291511F06B98500854720 /* PBXTargetDependency */ = {
			isa = PBXTargetDependency;
			target = 3882912C1F06B98500854720 /* Person UI */;
			targetProxy = 388291501F06B98500854720 /* PBXContainerItemProxy */;
		};
/* End PBXTargetDependency section */

/* Begin PBXVariantGroup section */
		388291341F06B98500854720 /* Main.storyboard */ = {
			isa = PBXVariantGroup;
			children = (
				388291351F06B98500854720 /* Base */,
			);
			name = Main.storyboard;
			sourceTree = "<group>";
		};
		3882913C1F06B98500854720 /* LaunchScreen.storyboard */ = {
			isa = PBXVariantGroup;
			children = (
				3882913D1F06B98500854720 /* Base */,
			);
			name = LaunchScreen.storyboard;
			sourceTree = "<group>";
		};
/* End PBXVariantGroup section */

/* Begin XCBuildConfiguration section */
		388291561F06B98500854720 /* Debug */ = {
			isa = XCBuildConfiguration;
			buildSettings = {
				ALWAYS_SEARCH_USER_PATHS = NO;
				CLANG_ANALYZER_NONNULL = YES;
				CLANG_CXX_LANGUAGE_STANDARD = "gnu++0x";
				CLANG_CXX_LIBRARY = "libc++";
				CLANG_ENABLE_MODULES = YES;
				CLANG_ENABLE_OBJC_ARC = YES;
				CLANG_WARN_BOOL_CONVERSION = YES;
				CLANG_WARN_CONSTANT_CONVERSION = YES;
				CLANG_WARN_DIRECT_OBJC_ISA_USAGE = YES_ERROR;
				CLANG_WARN_DOCUMENTATION_COMMENTS = YES;
				CLANG_WARN_EMPTY_BODY = YES;
				CLANG_WARN_ENUM_CONVERSION = YES;
				CLANG_WARN_INFINITE_RECURSION = YES;
				CLANG_WARN_INT_CONVERSION = YES;
				CLANG_WARN_OBJC_ROOT_CLASS = YES_ERROR;
				CLANG_WARN_SUSPICIOUS_MOVE = YES;
				CLANG_WARN_UNREACHABLE_CODE = YES;
				CLANG_WARN__DUPLICATE_METHOD_MATCH = YES;
				"CODE_SIGN_IDENTITY[sdk=iphoneos*]" = "iPhone Developer";
				COPY_PHASE_STRIP = NO;
				DEBUG_INFORMATION_FORMAT = dwarf;
				ENABLE_STRICT_OBJC_MSGSEND = YES;
				ENABLE_TESTABILITY = YES;
				GCC_C_LANGUAGE_STANDARD = gnu99;
				GCC_DYNAMIC_NO_PIC = NO;
				GCC_NO_COMMON_BLOCKS = YES;
				GCC_OPTIMIZATION_LEVEL = 0;
				GCC_PREPROCESSOR_DEFINITIONS = (
					"DEBUG=1",
					"$(inherited)",
				);
				GCC_WARN_64_TO_32_BIT_CONVERSION = YES;
				GCC_WARN_ABOUT_RETURN_TYPE = YES_ERROR;
				GCC_WARN_UNDECLARED_SELECTOR = YES;
				GCC_WARN_UNINITIALIZED_AUTOS = YES_AGGRESSIVE;
				GCC_WARN_UNUSED_FUNCTION = YES;
				GCC_WARN_UNUSED_VARIABLE = YES;
				IPHONEOS_DEPLOYMENT_TARGET = 10.2;
				MTL_ENABLE_DEBUG_INFO = YES;
				ONLY_ACTIVE_ARCH = YES;
				SDKROOT = iphoneos;
				SWIFT_ACTIVE_COMPILATION_CONDITIONS = DEBUG;
				SWIFT_OPTIMIZATION_LEVEL = "-Onone";
				TARGETED_DEVICE_FAMILY = "1,2";
			};
			name = Debug;
		};
		388291571F06B98500854720 /* Release */ = {
			isa = XCBuildConfiguration;
			buildSettings = {
				ALWAYS_SEARCH_USER_PATHS = NO;
				CLANG_ANALYZER_NONNULL = YES;
				CLANG_CXX_LANGUAGE_STANDARD = "gnu++0x";
				CLANG_CXX_LIBRARY = "libc++";
				CLANG_ENABLE_MODULES = YES;
				CLANG_ENABLE_OBJC_ARC = YES;
				CLANG_WARN_BOOL_CONVERSION = YES;
				CLANG_WARN_CONSTANT_CONVERSION = YES;
				CLANG_WARN_DIRECT_OBJC_ISA_USAGE = YES_ERROR;
				CLANG_WARN_DOCUMENTATION_COMMENTS = YES;
				CLANG_WARN_EMPTY_BODY = YES;
				CLANG_WARN_ENUM_CONVERSION = YES;
				CLANG_WARN_INFINITE_RECURSION = YES;
				CLANG_WARN_INT_CONVERSION = YES;
				CLANG_WARN_OBJC_ROOT_CLASS = YES_ERROR;
				CLANG_WARN_SUSPICIOUS_MOVE = YES;
				CLANG_WARN_UNREACHABLE_CODE = YES;
				CLANG_WARN__DUPLICATE_METHOD_MATCH = YES;
				"CODE_SIGN_IDENTITY[sdk=iphoneos*]" = "iPhone Developer";
				COPY_PHASE_STRIP = NO;
				DEBUG_INFORMATION_FORMAT = "dwarf-with-dsym";
				ENABLE_NS_ASSERTIONS = NO;
				ENABLE_STRICT_OBJC_MSGSEND = YES;
				GCC_C_LANGUAGE_STANDARD = gnu99;
				GCC_NO_COMMON_BLOCKS = YES;
				GCC_WARN_64_TO_32_BIT_CONVERSION = YES;
				GCC_WARN_ABOUT_RETURN_TYPE = YES_ERROR;
				GCC_WARN_UNDECLARED_SELECTOR = YES;
				GCC_WARN_UNINITIALIZED_AUTOS = YES_AGGRESSIVE;
				GCC_WARN_UNUSED_FUNCTION = YES;
				GCC_WARN_UNUSED_VARIABLE = YES;
				IPHONEOS_DEPLOYMENT_TARGET = 10.2;
				MTL_ENABLE_DEBUG_INFO = NO;
				SDKROOT = iphoneos;
				SWIFT_OPTIMIZATION_LEVEL = "-Owholemodule";
				TARGETED_DEVICE_FAMILY = "1,2";
				VALIDATE_PRODUCT = YES;
			};
			name = Release;
		};
		388291591F06B98500854720 /* Debug */ = {
			isa = XCBuildConfiguration;
			buildSettings = {
				ASSETCATALOG_COMPILER_APPICON_NAME = AppIcon;
				INFOPLIST_FILE = "Person UI/Info.plist";
				LD_RUNPATH_SEARCH_PATHS = "$(inherited) @executable_path/Frameworks";
				PRODUCT_BUNDLE_IDENTIFIER = "edu.missouri.Person-UI";
				PRODUCT_NAME = "$(TARGET_NAME)";
				SWIFT_VERSION = 3.0;
			};
			name = Debug;
		};
		3882915A1F06B98500854720 /* Release */ = {
			isa = XCBuildConfiguration;
			buildSettings = {
				ASSETCATALOG_COMPILER_APPICON_NAME = AppIcon;
				INFOPLIST_FILE = "Person UI/Info.plist";
				LD_RUNPATH_SEARCH_PATHS = "$(inherited) @executable_path/Frameworks";
				PRODUCT_BUNDLE_IDENTIFIER = "edu.missouri.Person-UI";
				PRODUCT_NAME = "$(TARGET_NAME)";
				SWIFT_VERSION = 3.0;
			};
			name = Release;
		};
		3882915C1F06B98500854720 /* Debug */ = {
			isa = XCBuildConfiguration;
			buildSettings = {
				ALWAYS_EMBED_SWIFT_STANDARD_LIBRARIES = YES;
				BUNDLE_LOADER = "$(TEST_HOST)";
				INFOPLIST_FILE = "Person UITests/Info.plist";
				LD_RUNPATH_SEARCH_PATHS = "$(inherited) @executable_path/Frameworks @loader_path/Frameworks";
				PRODUCT_BUNDLE_IDENTIFIER = "edu.missouri.Person-UITests";
				PRODUCT_NAME = "$(TARGET_NAME)";
				SWIFT_VERSION = 3.0;
				TEST_HOST = "$(BUILT_PRODUCTS_DIR)/Person UI.app/Person UI";
			};
			name = Debug;
		};
		3882915D1F06B98500854720 /* Release */ = {
			isa = XCBuildConfiguration;
			buildSettings = {
				ALWAYS_EMBED_SWIFT_STANDARD_LIBRARIES = YES;
				BUNDLE_LOADER = "$(TEST_HOST)";
				INFOPLIST_FILE = "Person UITests/Info.plist";
				LD_RUNPATH_SEARCH_PATHS = "$(inherited) @executable_path/Frameworks @loader_path/Frameworks";
				PRODUCT_BUNDLE_IDENTIFIER = "edu.missouri.Person-UITests";
				PRODUCT_NAME = "$(TARGET_NAME)";
				SWIFT_VERSION = 3.0;
				TEST_HOST = "$(BUILT_PRODUCTS_DIR)/Person UI.app/Person UI";
			};
			name = Release;
		};
		3882915F1F06B98500854720 /* Debug */ = {
			isa = XCBuildConfiguration;
			buildSettings = {
				ALWAYS_EMBED_SWIFT_STANDARD_LIBRARIES = YES;
				INFOPLIST_FILE = "Person UIUITests/Info.plist";
				LD_RUNPATH_SEARCH_PATHS = "$(inherited) @executable_path/Frameworks @loader_path/Frameworks";
				PRODUCT_BUNDLE_IDENTIFIER = "edu.missouri.Person-UIUITests";
				PRODUCT_NAME = "$(TARGET_NAME)";
				SWIFT_VERSION = 3.0;
				TEST_TARGET_NAME = "Person UI";
			};
			name = Debug;
		};
		388291601F06B98500854720 /* Release */ = {
			isa = XCBuildConfiguration;
			buildSettings = {
				ALWAYS_EMBED_SWIFT_STANDARD_LIBRARIES = YES;
				INFOPLIST_FILE = "Person UIUITests/Info.plist";
				LD_RUNPATH_SEARCH_PATHS = "$(inherited) @executable_path/Frameworks @loader_path/Frameworks";
				PRODUCT_BUNDLE_IDENTIFIER = "edu.missouri.Person-UIUITests";
				PRODUCT_NAME = "$(TARGET_NAME)";
				SWIFT_VERSION = 3.0;
				TEST_TARGET_NAME = "Person UI";
			};
			name = Release;
		};
/* End XCBuildConfiguration section */

/* Begin XCConfigurationList section */
		388291281F06B98500854720 /* Build configuration list for PBXProject "Person UI" */ = {
			isa = XCConfigurationList;
			buildConfigurations = (
				388291561F06B98500854720 /* Debug */,
				388291571F06B98500854720 /* Release */,
			);
			defaultConfigurationIsVisible = 0;
			defaultConfigurationName = Release;
		};
		388291581F06B98500854720 /* Build configuration list for PBXNativeTarget "Person UI" */ = {
			isa = XCConfigurationList;
			buildConfigurations = (
				388291591F06B98500854720 /* Debug */,
				3882915A1F06B98500854720 /* Release */,
			);
			defaultConfigurationIsVisible = 0;
		};
		3882915B1F06B98500854720 /* Build configuration list for PBXNativeTarget "Person UITests" */ = {
			isa = XCConfigurationList;
			buildConfigurations = (
				3882915C1F06B98500854720 /* Debug */,
				3882915D1F06B98500854720 /* Release */,
			);
			defaultConfigurationIsVisible = 0;
		};
		3882915E1F06B98500854720 /* Build configuration list for PBXNativeTarget "Person UIUITests" */ = {
			isa = XCConfigurationList;
			buildConfigurations = (
				3882915F1F06B98500854720 /* Debug */,
				388291601F06B98500854720 /* Release */,
			);
			defaultConfigurationIsVisible = 0;
		};
/* End XCConfigurationList section */

/* Begin XCVersionGroup section */
		388291371F06B98500854720 /* Person_UI.xcdatamodeld */ = {
			isa = XCVersionGroup;
			children = (
				388291381F06B98500854720 /* Person_UI.xcdatamodel */,
			);
			currentVersion = 388291381F06B98500854720 /* Person_UI.xcdatamodel */;
			path = Person_UI.xcdatamodeld;
			sourceTree = "<group>";
			versionGroupType = wrapper.xcdatamodel;
		};
/* End XCVersionGroup section */
	};
	rootObject = 388291251F06B98500854720 /* Project object */;
}
